// !$*UTF8*$!
{
	archiveVersion = 1;
	classes = {
	};
	objectVersion = 48;
	objects = {

/* Begin PBXBuildFile section */
		8D07AADB1FBE1687009CD0A1 /* AppDelegate.swift in Sources */ = {isa = PBXBuildFile; fileRef = 8D07AADA1FBE1687009CD0A1 /* AppDelegate.swift */; };
		8D07AADD1FBE1687009CD0A1 /* ViewController.swift in Sources */ = {isa = PBXBuildFile; fileRef = 8D07AADC1FBE1687009CD0A1 /* ViewController.swift */; };
		8D07AAE01FBE1687009CD0A1 /* Main.storyboard in Resources */ = {isa = PBXBuildFile; fileRef = 8D07AADE1FBE1687009CD0A1 /* Main.storyboard */; };
		8D07AAE21FBE1687009CD0A1 /* Assets.xcassets in Resources */ = {isa = PBXBuildFile; fileRef = 8D07AAE11FBE1687009CD0A1 /* Assets.xcassets */; };
		8D07AAE51FBE1687009CD0A1 /* LaunchScreen.storyboard in Resources */ = {isa = PBXBuildFile; fileRef = 8D07AAE31FBE1687009CD0A1 /* LaunchScreen.storyboard */; };
		8D07AAF01FBE1687009CD0A1 /* hellogenioTests.swift in Sources */ = {isa = PBXBuildFile; fileRef = 8D07AAEF1FBE1687009CD0A1 /* hellogenioTests.swift */; };
		8D07AAFB1FBE1687009CD0A1 /* hellogenioUITests.swift in Sources */ = {isa = PBXBuildFile; fileRef = 8D07AAFA1FBE1687009CD0A1 /* hellogenioUITests.swift */; };
/* End PBXBuildFile section */

/* Begin PBXContainerItemProxy section */
		8D07AAEC1FBE1687009CD0A1 /* PBXContainerItemProxy */ = {
			isa = PBXContainerItemProxy;
			containerPortal = 8D07AACF1FBE1686009CD0A1 /* Project object */;
			proxyType = 1;
			remoteGlobalIDString = 8D07AAD61FBE1687009CD0A1;
			remoteInfo = hellogenio;
		};
		8D07AAF71FBE1687009CD0A1 /* PBXContainerItemProxy */ = {
			isa = PBXContainerItemProxy;
			containerPortal = 8D07AACF1FBE1686009CD0A1 /* Project object */;
			proxyType = 1;
			remoteGlobalIDString = 8D07AAD61FBE1687009CD0A1;
			remoteInfo = hellogenio;
		};
/* End PBXContainerItemProxy section */

/* Begin PBXFileReference section */
		8D07AAD71FBE1687009CD0A1 /* hellogenio.app */ = {isa = PBXFileReference; explicitFileType = wrapper.application; includeInIndex = 0; path = hellogenio.app; sourceTree = BUILT_PRODUCTS_DIR; };
		8D07AADA1FBE1687009CD0A1 /* AppDelegate.swift */ = {isa = PBXFileReference; lastKnownFileType = sourcecode.swift; path = AppDelegate.swift; sourceTree = "<group>"; };
		8D07AADC1FBE1687009CD0A1 /* ViewController.swift */ = {isa = PBXFileReference; lastKnownFileType = sourcecode.swift; path = ViewController.swift; sourceTree = "<group>"; };
		8D07AADF1FBE1687009CD0A1 /* Base */ = {isa = PBXFileReference; lastKnownFileType = file.storyboard; name = Base; path = Base.lproj/Main.storyboard; sourceTree = "<group>"; };
		8D07AAE11FBE1687009CD0A1 /* Assets.xcassets */ = {isa = PBXFileReference; lastKnownFileType = folder.assetcatalog; path = Assets.xcassets; sourceTree = "<group>"; };
		8D07AAE41FBE1687009CD0A1 /* Base */ = {isa = PBXFileReference; lastKnownFileType = file.storyboard; name = Base; path = Base.lproj/LaunchScreen.storyboard; sourceTree = "<group>"; };
		8D07AAE61FBE1687009CD0A1 /* Info.plist */ = {isa = PBXFileReference; lastKnownFileType = text.plist.xml; path = Info.plist; sourceTree = "<group>"; };
		8D07AAEB1FBE1687009CD0A1 /* hellogenioTests.xctest */ = {isa = PBXFileReference; explicitFileType = wrapper.cfbundle; includeInIndex = 0; path = hellogenioTests.xctest; sourceTree = BUILT_PRODUCTS_DIR; };
		8D07AAEF1FBE1687009CD0A1 /* hellogenioTests.swift */ = {isa = PBXFileReference; lastKnownFileType = sourcecode.swift; path = hellogenioTests.swift; sourceTree = "<group>"; };
		8D07AAF11FBE1687009CD0A1 /* Info.plist */ = {isa = PBXFileReference; lastKnownFileType = text.plist.xml; path = Info.plist; sourceTree = "<group>"; };
		8D07AAF61FBE1687009CD0A1 /* hellogenioUITests.xctest */ = {isa = PBXFileReference; explicitFileType = wrapper.cfbundle; includeInIndex = 0; path = hellogenioUITests.xctest; sourceTree = BUILT_PRODUCTS_DIR; };
		8D07AAFA1FBE1687009CD0A1 /* hellogenioUITests.swift */ = {isa = PBXFileReference; lastKnownFileType = sourcecode.swift; path = hellogenioUITests.swift; sourceTree = "<group>"; };
		8D07AAFC1FBE1687009CD0A1 /* Info.plist */ = {isa = PBXFileReference; lastKnownFileType = text.plist.xml; path = Info.plist; sourceTree = "<group>"; };
/* End PBXFileReference section */

/* Begin PBXFrameworksBuildPhase section */
		8D07AAD41FBE1687009CD0A1 /* Frameworks */ = {
			isa = PBXFrameworksBuildPhase;
			buildActionMask = 2147483647;
			files = (
			);
			runOnlyForDeploymentPostprocessing = 0;
		};
		8D07AAE81FBE1687009CD0A1 /* Frameworks */ = {
			isa = PBXFrameworksBuildPhase;
			buildActionMask = 2147483647;
			files = (
			);
			runOnlyForDeploymentPostprocessing = 0;
		};
		8D07AAF31FBE1687009CD0A1 /* Frameworks */ = {
			isa = PBXFrameworksBuildPhase;
			buildActionMask = 2147483647;
			files = (
			);
			runOnlyForDeploymentPostprocessing = 0;
		};
/* End PBXFrameworksBuildPhase section */

/* Begin PBXGroup section */
		8D07AACE1FBE1686009CD0A1 = {
			isa = PBXGroup;
			children = (
				8D07AAD91FBE1687009CD0A1 /* hellogenio */,
				8D07AAEE1FBE1687009CD0A1 /* hellogenioTests */,
				8D07AAF91FBE1687009CD0A1 /* hellogenioUITests */,
				8D07AAD81FBE1687009CD0A1 /* Products */,
			);
			sourceTree = "<group>";
		};
		8D07AAD81FBE1687009CD0A1 /* Products */ = {
			isa = PBXGroup;
			children = (
				8D07AAD71FBE1687009CD0A1 /* hellogenio.app */,
				8D07AAEB1FBE1687009CD0A1 /* hellogenioTests.xctest */,
				8D07AAF61FBE1687009CD0A1 /* hellogenioUITests.xctest */,
			);
			name = Products;
			sourceTree = "<group>";
		};
		8D07AAD91FBE1687009CD0A1 /* hellogenio */ = {
			isa = PBXGroup;
			children = (
				8D07AADA1FBE1687009CD0A1 /* AppDelegate.swift */,
				8D07AADC1FBE1687009CD0A1 /* ViewController.swift */,
				8D07AADE1FBE1687009CD0A1 /* Main.storyboard */,
				8D07AAE11FBE1687009CD0A1 /* Assets.xcassets */,
				8D07AAE31FBE1687009CD0A1 /* LaunchScreen.storyboard */,
				8D07AAE61FBE1687009CD0A1 /* Info.plist */,
			);
			path = hellogenio;
			sourceTree = "<group>";
		};
		8D07AAEE1FBE1687009CD0A1 /* hellogenioTests */ = {
			isa = PBXGroup;
			children = (
				8D07AAEF1FBE1687009CD0A1 /* hellogenioTests.swift */,
				8D07AAF11FBE1687009CD0A1 /* Info.plist */,
			);
			path = hellogenioTests;
			sourceTree = "<group>";
		};
		8D07AAF91FBE1687009CD0A1 /* hellogenioUITests */ = {
			isa = PBXGroup;
			children = (
				8D07AAFA1FBE1687009CD0A1 /* hellogenioUITests.swift */,
				8D07AAFC1FBE1687009CD0A1 /* Info.plist */,
			);
			path = hellogenioUITests;
			sourceTree = "<group>";
		};
/* End PBXGroup section */

/* Begin PBXNativeTarget section */
		8D07AAD61FBE1687009CD0A1 /* hellogenio */ = {
			isa = PBXNativeTarget;
			buildConfigurationList = 8D07AAFF1FBE1687009CD0A1 /* Build configuration list for PBXNativeTarget "hellogenio" */;
			buildPhases = (
				8D07AAD31FBE1687009CD0A1 /* Sources */,
				8D07AAD41FBE1687009CD0A1 /* Frameworks */,
				8D07AAD51FBE1687009CD0A1 /* Resources */,
			);
			buildRules = (
			);
			dependencies = (
			);
			name = hellogenio;
			productName = hellogenio;
			productReference = 8D07AAD71FBE1687009CD0A1 /* hellogenio.app */;
			productType = "com.apple.product-type.application";
		};
		8D07AAEA1FBE1687009CD0A1 /* hellogenioTests */ = {
			isa = PBXNativeTarget;
			buildConfigurationList = 8D07AB021FBE1687009CD0A1 /* Build configuration list for PBXNativeTarget "hellogenioTests" */;
			buildPhases = (
				8D07AAE71FBE1687009CD0A1 /* Sources */,
				8D07AAE81FBE1687009CD0A1 /* Frameworks */,
				8D07AAE91FBE1687009CD0A1 /* Resources */,
			);
			buildRules = (
			);
			dependencies = (
				8D07AAED1FBE1687009CD0A1 /* PBXTargetDependency */,
			);
			name = hellogenioTests;
			productName = hellogenioTests;
			productReference = 8D07AAEB1FBE1687009CD0A1 /* hellogenioTests.xctest */;
			productType = "com.apple.product-type.bundle.unit-test";
		};
		8D07AAF51FBE1687009CD0A1 /* hellogenioUITests */ = {
			isa = PBXNativeTarget;
			buildConfigurationList = 8D07AB051FBE1687009CD0A1 /* Build configuration list for PBXNativeTarget "hellogenioUITests" */;
			buildPhases = (
				8D07AAF21FBE1687009CD0A1 /* Sources */,
				8D07AAF31FBE1687009CD0A1 /* Frameworks */,
				8D07AAF41FBE1687009CD0A1 /* Resources */,
			);
			buildRules = (
			);
			dependencies = (
				8D07AAF81FBE1687009CD0A1 /* PBXTargetDependency */,
			);
			name = hellogenioUITests;
			productName = hellogenioUITests;
			productReference = 8D07AAF61FBE1687009CD0A1 /* hellogenioUITests.xctest */;
			productType = "com.apple.product-type.bundle.ui-testing";
		};
/* End PBXNativeTarget section */

/* Begin PBXProject section */
		8D07AACF1FBE1686009CD0A1 /* Project object */ = {
			isa = PBXProject;
			attributes = {
				LastSwiftUpdateCheck = 0900;
				LastUpgradeCheck = 0900;
				ORGANIZATIONNAME = wappdevelopers;
				TargetAttributes = {
					8D07AAD61FBE1687009CD0A1 = {
						CreatedOnToolsVersion = 9.0.1;
						ProvisioningStyle = Automatic;
					};
					8D07AAEA1FBE1687009CD0A1 = {
						CreatedOnToolsVersion = 9.0.1;
						ProvisioningStyle = Automatic;
						TestTargetID = 8D07AAD61FBE1687009CD0A1;
					};
					8D07AAF51FBE1687009CD0A1 = {
						CreatedOnToolsVersion = 9.0.1;
						ProvisioningStyle = Automatic;
						TestTargetID = 8D07AAD61FBE1687009CD0A1;
					};
				};
			};
			buildConfigurationList = 8D07AAD21FBE1686009CD0A1 /* Build configuration list for PBXProject "hellogenio" */;
			compatibilityVersion = "Xcode 8.0";
			developmentRegion = en;
			hasScannedForEncodings = 0;
			knownRegions = (
				en,
				Base,
			);
			mainGroup = 8D07AACE1FBE1686009CD0A1;
			productRefGroup = 8D07AAD81FBE1687009CD0A1 /* Products */;
			projectDirPath = "";
			projectRoot = "";
			targets = (
				8D07AAD61FBE1687009CD0A1 /* hellogenio */,
				8D07AAEA1FBE1687009CD0A1 /* hellogenioTests */,
				8D07AAF51FBE1687009CD0A1 /* hellogenioUITests */,
			);
		};
/* End PBXProject section */

/* Begin PBXResourcesBuildPhase section */
		8D07AAD51FBE1687009CD0A1 /* Resources */ = {
			isa = PBXResourcesBuildPhase;
			buildActionMask = 2147483647;
			files = (
				8D07AAE51FBE1687009CD0A1 /* LaunchScreen.storyboard in Resources */,
				8D07AAE21FBE1687009CD0A1 /* Assets.xcassets in Resources */,
				8D07AAE01FBE1687009CD0A1 /* Main.storyboard in Resources */,
			);
			runOnlyForDeploymentPostprocessing = 0;
		};
		8D07AAE91FBE1687009CD0A1 /* Resources */ = {
			isa = PBXResourcesBuildPhase;
			buildActionMask = 2147483647;
			files = (
			);
			runOnlyForDeploymentPostprocessing = 0;
		};
		8D07AAF41FBE1687009CD0A1 /* Resources */ = {
			isa = PBXResourcesBuildPhase;
			buildActionMask = 2147483647;
			files = (
			);
			runOnlyForDeploymentPostprocessing = 0;
		};
/* End PBXResourcesBuildPhase section */

/* Begin PBXSourcesBuildPhase section */
		8D07AAD31FBE1687009CD0A1 /* Sources */ = {
			isa = PBXSourcesBuildPhase;
			buildActionMask = 2147483647;
			files = (
				8D07AADD1FBE1687009CD0A1 /* ViewController.swift in Sources */,
				8D07AADB1FBE1687009CD0A1 /* AppDelegate.swift in Sources */,
			);
			runOnlyForDeploymentPostprocessing = 0;
		};
		8D07AAE71FBE1687009CD0A1 /* Sources */ = {
			isa = PBXSourcesBuildPhase;
			buildActionMask = 2147483647;
			files = (
				8D07AAF01FBE1687009CD0A1 /* hellogenioTests.swift in Sources */,
			);
			runOnlyForDeploymentPostprocessing = 0;
		};
		8D07AAF21FBE1687009CD0A1 /* Sources */ = {
			isa = PBXSourcesBuildPhase;
			buildActionMask = 2147483647;
			files = (
				8D07AAFB1FBE1687009CD0A1 /* hellogenioUITests.swift in Sources */,
			);
			runOnlyForDeploymentPostprocessing = 0;
		};
/* End PBXSourcesBuildPhase section */

/* Begin PBXTargetDependency section */
		8D07AAED1FBE1687009CD0A1 /* PBXTargetDependency */ = {
			isa = PBXTargetDependency;
			target = 8D07AAD61FBE1687009CD0A1 /* hellogenio */;
			targetProxy = 8D07AAEC1FBE1687009CD0A1 /* PBXContainerItemProxy */;
		};
		8D07AAF81FBE1687009CD0A1 /* PBXTargetDependency */ = {
			isa = PBXTargetDependency;
			target = 8D07AAD61FBE1687009CD0A1 /* hellogenio */;
			targetProxy = 8D07AAF71FBE1687009CD0A1 /* PBXContainerItemProxy */;
		};
/* End PBXTargetDependency section */

/* Begin PBXVariantGroup section */
		8D07AADE1FBE1687009CD0A1 /* Main.storyboard */ = {
			isa = PBXVariantGroup;
			children = (
				8D07AADF1FBE1687009CD0A1 /* Base */,
			);
			name = Main.storyboard;
			sourceTree = "<group>";
		};
		8D07AAE31FBE1687009CD0A1 /* LaunchScreen.storyboard */ = {
			isa = PBXVariantGroup;
			children = (
				8D07AAE41FBE1687009CD0A1 /* Base */,
			);
			name = LaunchScreen.storyboard;
			sourceTree = "<group>";
		};
/* End PBXVariantGroup section */

/* Begin XCBuildConfiguration section */
		8D07AAFD1FBE1687009CD0A1 /* Debug */ = {
			isa = XCBuildConfiguration;
			buildSettings = {
				ALWAYS_SEARCH_USER_PATHS = NO;
				CLANG_ANALYZER_NONNULL = YES;
				CLANG_ANALYZER_NUMBER_OBJECT_CONVERSION = YES_AGGRESSIVE;
				CLANG_CXX_LANGUAGE_STANDARD = "gnu++14";
				CLANG_CXX_LIBRARY = "libc++";
				CLANG_ENABLE_MODULES = YES;
				CLANG_ENABLE_OBJC_ARC = YES;
				CLANG_WARN_BLOCK_CAPTURE_AUTORELEASING = YES;
				CLANG_WARN_BOOL_CONVERSION = YES;
				CLANG_WARN_COMMA = YES;
				CLANG_WARN_CONSTANT_CONVERSION = YES;
				CLANG_WARN_DIRECT_OBJC_ISA_USAGE = YES_ERROR;
				CLANG_WARN_DOCUMENTATION_COMMENTS = YES;
				CLANG_WARN_EMPTY_BODY = YES;
				CLANG_WARN_ENUM_CONVERSION = YES;
				CLANG_WARN_INFINITE_RECURSION = YES;
				CLANG_WARN_INT_CONVERSION = YES;
				CLANG_WARN_NON_LITERAL_NULL_CONVERSION = YES;
				CLANG_WARN_OBJC_LITERAL_CONVERSION = YES;
				CLANG_WARN_OBJC_ROOT_CLASS = YES_ERROR;
				CLANG_WARN_RANGE_LOOP_ANALYSIS = YES;
				CLANG_WARN_STRICT_PROTOTYPES = YES;
				CLANG_WARN_SUSPICIOUS_MOVE = YES;
				CLANG_WARN_UNGUARDED_AVAILABILITY = YES_AGGRESSIVE;
				CLANG_WARN_UNREACHABLE_CODE = YES;
				CLANG_WARN__DUPLICATE_METHOD_MATCH = YES;
				CODE_SIGN_IDENTITY = "iPhone Developer";
				COPY_PHASE_STRIP = NO;
				DEBUG_INFORMATION_FORMAT = dwarf;
				ENABLE_STRICT_OBJC_MSGSEND = YES;
				ENABLE_TESTABILITY = YES;
				GCC_C_LANGUAGE_STANDARD = gnu11;
				GCC_DYNAMIC_NO_PIC = NO;
				GCC_NO_COMMON_BLOCKS = YES;
				GCC_OPTIMIZATION_LEVEL = 0;
				GCC_PREPROCESSOR_DEFINITIONS = (
					"DEBUG=1",
					"$(inherited)",
				);
				GCC_WARN_64_TO_32_BIT_CONVERSION = YES;
				GCC_WARN_ABOUT_RETURN_TYPE = YES_ERROR;
				GCC_WARN_UNDECLARED_SELECTOR = YES;
				GCC_WARN_UNINITIALIZED_AUTOS = YES_AGGRESSIVE;
				GCC_WARN_UNUSED_FUNCTION = YES;
				GCC_WARN_UNUSED_VARIABLE = YES;
				IPHONEOS_DEPLOYMENT_TARGET = 11.0;
				MTL_ENABLE_DEBUG_INFO = YES;
				ONLY_ACTIVE_ARCH = YES;
				SDKROOT = iphoneos;
				SWIFT_ACTIVE_COMPILATION_CONDITIONS = DEBUG;
				SWIFT_OPTIMIZATION_LEVEL = "-Onone";
			};
			name = Debug;
		};
		8D07AAFE1FBE1687009CD0A1 /* Release */ = {
			isa = XCBuildConfiguration;
			buildSettings = {
				ALWAYS_SEARCH_USER_PATHS = NO;
				CLANG_ANALYZER_NONNULL = YES;
				CLANG_ANALYZER_NUMBER_OBJECT_CONVERSION = YES_AGGRESSIVE;
				CLANG_CXX_LANGUAGE_STANDARD = "gnu++14";
				CLANG_CXX_LIBRARY = "libc++";
				CLANG_ENABLE_MODULES = YES;
				CLANG_ENABLE_OBJC_ARC = YES;
				CLANG_WARN_BLOCK_CAPTURE_AUTORELEASING = YES;
				CLANG_WARN_BOOL_CONVERSION = YES;
				CLANG_WARN_COMMA = YES;
				CLANG_WARN_CONSTANT_CONVERSION = YES;
				CLANG_WARN_DIRECT_OBJC_ISA_USAGE = YES_ERROR;
				CLANG_WARN_DOCUMENTATION_COMMENTS = YES;
				CLANG_WARN_EMPTY_BODY = YES;
				CLANG_WARN_ENUM_CONVERSION = YES;
				CLANG_WARN_INFINITE_RECURSION = YES;
				CLANG_WARN_INT_CONVERSION = YES;
				CLANG_WARN_NON_LITERAL_NULL_CONVERSION = YES;
				CLANG_WARN_OBJC_LITERAL_CONVERSION = YES;
				CLANG_WARN_OBJC_ROOT_CLASS = YES_ERROR;
				CLANG_WARN_RANGE_LOOP_ANALYSIS = YES;
				CLANG_WARN_STRICT_PROTOTYPES = YES;
				CLANG_WARN_SUSPICIOUS_MOVE = YES;
				CLANG_WARN_UNGUARDED_AVAILABILITY = YES_AGGRESSIVE;
				CLANG_WARN_UNREACHABLE_CODE = YES;
				CLANG_WARN__DUPLICATE_METHOD_MATCH = YES;
				CODE_SIGN_IDENTITY = "iPhone Developer";
				COPY_PHASE_STRIP = NO;
				DEBUG_INFORMATION_FORMAT = "dwarf-with-dsym";
				ENABLE_NS_ASSERTIONS = NO;
				ENABLE_STRICT_OBJC_MSGSEND = YES;
				GCC_C_LANGUAGE_STANDARD = gnu11;
				GCC_NO_COMMON_BLOCKS = YES;
				GCC_WARN_64_TO_32_BIT_CONVERSION = YES;
				GCC_WARN_ABOUT_RETURN_TYPE = YES_ERROR;
				GCC_WARN_UNDECLARED_SELECTOR = YES;
				GCC_WARN_UNINITIALIZED_AUTOS = YES_AGGRESSIVE;
				GCC_WARN_UNUSED_FUNCTION = YES;
				GCC_WARN_UNUSED_VARIABLE = YES;
				IPHONEOS_DEPLOYMENT_TARGET = 11.0;
				MTL_ENABLE_DEBUG_INFO = NO;
				SDKROOT = iphoneos;
				SWIFT_OPTIMIZATION_LEVEL = "-Owholemodule";
				VALIDATE_PRODUCT = YES;
			};
			name = Release;
		};
		8D07AB001FBE1687009CD0A1 /* Debug */ = {
			isa = XCBuildConfiguration;
			buildSettings = {
				ASSETCATALOG_COMPILER_APPICON_NAME = AppIcon;
				CODE_SIGN_STYLE = Automatic;
				INFOPLIST_FILE = hellogenio/Info.plist;
				LD_RUNPATH_SEARCH_PATHS = "$(inherited) @executable_path/Frameworks";
				PRODUCT_BUNDLE_IDENTIFIER = com.wappdevelopers.hellogenio;
				PRODUCT_NAME = "$(TARGET_NAME)";
				SWIFT_VERSION = 4.0;
				TARGETED_DEVICE_FAMILY = "1,2";
			};
			name = Debug;
		};
		8D07AB011FBE1687009CD0A1 /* Release */ = {
			isa = XCBuildConfiguration;
			buildSettings = {
				ASSETCATALOG_COMPILER_APPICON_NAME = AppIcon;
				CODE_SIGN_STYLE = Automatic;
				INFOPLIST_FILE = hellogenio/Info.plist;
				LD_RUNPATH_SEARCH_PATHS = "$(inherited) @executable_path/Frameworks";
				PRODUCT_BUNDLE_IDENTIFIER = com.wappdevelopers.hellogenio;
				PRODUCT_NAME = "$(TARGET_NAME)";
				SWIFT_VERSION = 4.0;
				TARGETED_DEVICE_FAMILY = "1,2";
			};
			name = Release;
		};
		8D07AB031FBE1687009CD0A1 /* Debug */ = {
			isa = XCBuildConfiguration;
			buildSettings = {
				ALWAYS_EMBED_SWIFT_STANDARD_LIBRARIES = YES;
				BUNDLE_LOADER = "$(TEST_HOST)";
				CODE_SIGN_STYLE = Automatic;
				INFOPLIST_FILE = hellogenioTests/Info.plist;
				LD_RUNPATH_SEARCH_PATHS = "$(inherited) @executable_path/Frameworks @loader_path/Frameworks";
				PRODUCT_BUNDLE_IDENTIFIER = com.wappdevelopers.hellogenioTests;
				PRODUCT_NAME = "$(TARGET_NAME)";
				SWIFT_VERSION = 4.0;
				TARGETED_DEVICE_FAMILY = "1,2";
				TEST_HOST = "$(BUILT_PRODUCTS_DIR)/hellogenio.app/hellogenio";
			};
			name = Debug;
		};
		8D07AB041FBE1687009CD0A1 /* Release */ = {
			isa = XCBuildConfiguration;
			buildSettings = {
				ALWAYS_EMBED_SWIFT_STANDARD_LIBRARIES = YES;
				BUNDLE_LOADER = "$(TEST_HOST)";
				CODE_SIGN_STYLE = Automatic;
				INFOPLIST_FILE = hellogenioTests/Info.plist;
				LD_RUNPATH_SEARCH_PATHS = "$(inherited) @executable_path/Frameworks @loader_path/Frameworks";
				PRODUCT_BUNDLE_IDENTIFIER = com.wappdevelopers.hellogenioTests;
				PRODUCT_NAME = "$(TARGET_NAME)";
				SWIFT_VERSION = 4.0;
				TARGETED_DEVICE_FAMILY = "1,2";
				TEST_HOST = "$(BUILT_PRODUCTS_DIR)/hellogenio.app/hellogenio";
			};
			name = Release;
		};
		8D07AB061FBE1687009CD0A1 /* Debug */ = {
			isa = XCBuildConfiguration;
			buildSettings = {
				ALWAYS_EMBED_SWIFT_STANDARD_LIBRARIES = YES;
				CODE_SIGN_STYLE = Automatic;
				INFOPLIST_FILE = hellogenioUITests/Info.plist;
				LD_RUNPATH_SEARCH_PATHS = "$(inherited) @executable_path/Frameworks @loader_path/Frameworks";
				PRODUCT_BUNDLE_IDENTIFIER = com.wappdevelopers.hellogenioUITests;
				PRODUCT_NAME = "$(TARGET_NAME)";
				SWIFT_VERSION = 4.0;
				TARGETED_DEVICE_FAMILY = "1,2";
				TEST_TARGET_NAME = hellogenio;
			};
			name = Debug;
		};
		8D07AB071FBE1687009CD0A1 /* Release */ = {
			isa = XCBuildConfiguration;
			buildSettings = {
				ALWAYS_EMBED_SWIFT_STANDARD_LIBRARIES = YES;
				CODE_SIGN_STYLE = Automatic;
				INFOPLIST_FILE = hellogenioUITests/Info.plist;
				LD_RUNPATH_SEARCH_PATHS = "$(inherited) @executable_path/Frameworks @loader_path/Frameworks";
				PRODUCT_BUNDLE_IDENTIFIER = com.wappdevelopers.hellogenioUITests;
				PRODUCT_NAME = "$(TARGET_NAME)";
				SWIFT_VERSION = 4.0;
				TARGETED_DEVICE_FAMILY = "1,2";
				TEST_TARGET_NAME = hellogenio;
			};
			name = Release;
		};
/* End XCBuildConfiguration section */

/* Begin XCConfigurationList section */
		8D07AAD21FBE1686009CD0A1 /* Build configuration list for PBXProject "hellogenio" */ = {
			isa = XCConfigurationList;
			buildConfigurations = (
				8D07AAFD1FBE1687009CD0A1 /* Debug */,
				8D07AAFE1FBE1687009CD0A1 /* Release */,
			);
			defaultConfigurationIsVisible = 0;
			defaultConfigurationName = Release;
		};
		8D07AAFF1FBE1687009CD0A1 /* Build configuration list for PBXNativeTarget "hellogenio" */ = {
			isa = XCConfigurationList;
			buildConfigurations = (
				8D07AB001FBE1687009CD0A1 /* Debug */,
				8D07AB011FBE1687009CD0A1 /* Release */,
			);
			defaultConfigurationIsVisible = 0;
			defaultConfigurationName = Release;
		};
		8D07AB021FBE1687009CD0A1 /* Build configuration list for PBXNativeTarget "hellogenioTests" */ = {
			isa = XCConfigurationList;
			buildConfigurations = (
				8D07AB031FBE1687009CD0A1 /* Debug */,
				8D07AB041FBE1687009CD0A1 /* Release */,
			);
			defaultConfigurationIsVisible = 0;
			defaultConfigurationName = Release;
		};
		8D07AB051FBE1687009CD0A1 /* Build configuration list for PBXNativeTarget "hellogenioUITests" */ = {
			isa = XCConfigurationList;
			buildConfigurations = (
				8D07AB061FBE1687009CD0A1 /* Debug */,
				8D07AB071FBE1687009CD0A1 /* Release */,
			);
			defaultConfigurationIsVisible = 0;
			defaultConfigurationName = Release;
		};
/* End XCConfigurationList section */
	};
	rootObject = 8D07AACF1FBE1686009CD0A1 /* Project object */;
}
